
Microsoft Visual Studio Solution File, Format Version 12.00
# Visual Studio Version 17
VisualStudioVersion = 17.10.35004.147
MinimumVisualStudioVersion = 10.0.40219.1
Project("{FAE04EC0-301F-11D3-BF4B-00C04F79EFBC}") = "C42-G01-OOP03", "C42-G01-OOP03\C42-G01-OOP03.csproj", "{76FA04EF-31AD-49C8-A3F4-E238D22D26DB}"
EndProject
Global
	GlobalSection(SolutionConfigurationPlatforms) = preSolution
		Debug|Any CPU = Debug|Any CPU
		Release|Any CPU = Release|Any CPU
	EndGlobalSection
	GlobalSection(ProjectConfigurationPlatforms) = postSolution
		{76FA04EF-31AD-49C8-A3F4-E238D22D26DB}.Debug|Any CPU.ActiveCfg = Debug|Any CPU
		{76FA04EF-31AD-49C8-A3F4-E238D22D26DB}.Debug|Any CPU.Build.0 = Debug|Any CPU
		{76FA04EF-31AD-49C8-A3F4-E238D22D26DB}.Release|Any CPU.ActiveCfg = Release|Any CPU
		{76FA04EF-31AD-49C8-A3F4-E238D22D26DB}.Release|Any CPU.Build.0 = Release|Any CPU
	EndGlobalSection
	GlobalSection(SolutionProperties) = preSolution
		HideSolutionNode = FALSE
	EndGlobalSection
	GlobalSection(ExtensibilityGlobals) = postSolution
		SolutionGuid = {6C9F8F9A-DAEA-4DE4-BC38-731C8E1FF73E}
	EndGlobalSection
EndGlobal
